// !$*UTF8*$!
{
	archiveVersion = 1;
	classes = {
	};
	objectVersion = 51;
	objects = {

/* Begin PBXBuildFile section */
		040B46BA2502D0F20051951A /* AppDelegate.swift in Sources */ = {isa = PBXBuildFile; fileRef = 040B46B92502D0F20051951A /* AppDelegate.swift */; };
		040B46BC2502D0F20051951A /* SceneDelegate.swift in Sources */ = {isa = PBXBuildFile; fileRef = 040B46BB2502D0F20051951A /* SceneDelegate.swift */; };
		040B46BE2502D0F20051951A /* ContentView.swift in Sources */ = {isa = PBXBuildFile; fileRef = 040B46BD2502D0F20051951A /* ContentView.swift */; };
		040B46C02502D0F60051951A /* Assets.xcassets in Resources */ = {isa = PBXBuildFile; fileRef = 040B46BF2502D0F60051951A /* Assets.xcassets */; };
		040B46C32502D0F60051951A /* Preview Assets.xcassets in Resources */ = {isa = PBXBuildFile; fileRef = 040B46C22502D0F60051951A /* Preview Assets.xcassets */; };
		040B46C62502D0F60051951A /* LaunchScreen.storyboard in Resources */ = {isa = PBXBuildFile; fileRef = 040B46C42502D0F60051951A /* LaunchScreen.storyboard */; };
		040B46D02502D31A0051951A /* NetManager.swift in Sources */ = {isa = PBXBuildFile; fileRef = 040B46CF2502D31A0051951A /* NetManager.swift */; };
		3A2053BEE34651B8649E28A5 /* Pods_TestSSLPin.framework in Frameworks */ = {isa = PBXBuildFile; fileRef = 353649AE661924F05DB12888 /* Pods_TestSSLPin.framework */; };
/* End PBXBuildFile section */

/* Begin PBXFileReference section */
		040B46B62502D0F20051951A /* TestSSLPin.app */ = {isa = PBXFileReference; explicitFileType = wrapper.application; includeInIndex = 0; path = TestSSLPin.app; sourceTree = BUILT_PRODUCTS_DIR; };
		040B46B92502D0F20051951A /* AppDelegate.swift */ = {isa = PBXFileReference; lastKnownFileType = sourcecode.swift; path = AppDelegate.swift; sourceTree = "<group>"; };
		040B46BB2502D0F20051951A /* SceneDelegate.swift */ = {isa = PBXFileReference; lastKnownFileType = sourcecode.swift; path = SceneDelegate.swift; sourceTree = "<group>"; };
		040B46BD2502D0F20051951A /* ContentView.swift */ = {isa = PBXFileReference; lastKnownFileType = sourcecode.swift; path = ContentView.swift; sourceTree = "<group>"; };
		040B46BF2502D0F60051951A /* Assets.xcassets */ = {isa = PBXFileReference; lastKnownFileType = folder.assetcatalog; path = Assets.xcassets; sourceTree = "<group>"; };
		040B46C22502D0F60051951A /* Preview Assets.xcassets */ = {isa = PBXFileReference; lastKnownFileType = folder.assetcatalog; path = "Preview Assets.xcassets"; sourceTree = "<group>"; };
		040B46C52502D0F60051951A /* Base */ = {isa = PBXFileReference; lastKnownFileType = file.storyboard; name = Base; path = Base.lproj/LaunchScreen.storyboard; sourceTree = "<group>"; };
		040B46C72502D0F60051951A /* Info.plist */ = {isa = PBXFileReference; lastKnownFileType = text.plist.xml; path = Info.plist; sourceTree = "<group>"; };
		040B46CF2502D31A0051951A /* NetManager.swift */ = {isa = PBXFileReference; lastKnownFileType = sourcecode.swift; path = NetManager.swift; sourceTree = "<group>"; };
		23809C19D5F1EED3EED3E05B /* Pods-TestSSLPin.release.xcconfig */ = {isa = PBXFileReference; includeInIndex = 1; lastKnownFileType = text.xcconfig; name = "Pods-TestSSLPin.release.xcconfig"; path = "Target Support Files/Pods-TestSSLPin/Pods-TestSSLPin.release.xcconfig"; sourceTree = "<group>"; };
		353649AE661924F05DB12888 /* Pods_TestSSLPin.framework */ = {isa = PBXFileReference; explicitFileType = wrapper.framework; includeInIndex = 0; path = Pods_TestSSLPin.framework; sourceTree = BUILT_PRODUCTS_DIR; };
		632C03B4A075A98EA6516DF5 /* Pods-TestSSLPin.debug.xcconfig */ = {isa = PBXFileReference; includeInIndex = 1; lastKnownFileType = text.xcconfig; name = "Pods-TestSSLPin.debug.xcconfig"; path = "Target Support Files/Pods-TestSSLPin/Pods-TestSSLPin.debug.xcconfig"; sourceTree = "<group>"; };
/* End PBXFileReference section */

/* Begin PBXFrameworksBuildPhase section */
		040B46B32502D0F20051951A /* Frameworks */ = {
			isa = PBXFrameworksBuildPhase;
			buildActionMask = 2147483647;
			files = (
				3A2053BEE34651B8649E28A5 /* Pods_TestSSLPin.framework in Frameworks */,
			);
			runOnlyForDeploymentPostprocessing = 0;
		};
/* End PBXFrameworksBuildPhase section */

/* Begin PBXGroup section */
		040B46AD2502D0F20051951A = {
			isa = PBXGroup;
			children = (
				040B46CE2502D2EB0051951A /* Lib */,
				040B46B82502D0F20051951A /* TestSSLPin */,
				040B46B72502D0F20051951A /* Products */,
				5F69489EB6B6ADDE05F9E322 /* Pods */,
				08391941689531A09BE65463 /* Frameworks */,
			);
			sourceTree = "<group>";
		};
		040B46B72502D0F20051951A /* Products */ = {
			isa = PBXGroup;
			children = (
				040B46B62502D0F20051951A /* TestSSLPin.app */,
			);
			name = Products;
			sourceTree = "<group>";
		};
		040B46B82502D0F20051951A /* TestSSLPin */ = {
			isa = PBXGroup;
			children = (
				040B46B92502D0F20051951A /* AppDelegate.swift */,
				040B46BB2502D0F20051951A /* SceneDelegate.swift */,
				040B46BD2502D0F20051951A /* ContentView.swift */,
				040B46BF2502D0F60051951A /* Assets.xcassets */,
				040B46C42502D0F60051951A /* LaunchScreen.storyboard */,
				040B46C72502D0F60051951A /* Info.plist */,
				040B46C12502D0F60051951A /* Preview Content */,
			);
			path = TestSSLPin;
			sourceTree = "<group>";
		};
		040B46C12502D0F60051951A /* Preview Content */ = {
			isa = PBXGroup;
			children = (
				040B46C22502D0F60051951A /* Preview Assets.xcassets */,
			);
			path = "Preview Content";
			sourceTree = "<group>";
		};
		040B46CE2502D2EB0051951A /* Lib */ = {
			isa = PBXGroup;
			children = (
				040B46CF2502D31A0051951A /* NetManager.swift */,
			);
			path = Lib;
			sourceTree = "<group>";
		};
		08391941689531A09BE65463 /* Frameworks */ = {
			isa = PBXGroup;
			children = (
				353649AE661924F05DB12888 /* Pods_TestSSLPin.framework */,
			);
			name = Frameworks;
			sourceTree = "<group>";
		};
		5F69489EB6B6ADDE05F9E322 /* Pods */ = {
			isa = PBXGroup;
			children = (
				632C03B4A075A98EA6516DF5 /* Pods-TestSSLPin.debug.xcconfig */,
				23809C19D5F1EED3EED3E05B /* Pods-TestSSLPin.release.xcconfig */,
			);
			path = Pods;
			sourceTree = "<group>";
		};
/* End PBXGroup section */

/* Begin PBXNativeTarget section */
		040B46B52502D0F20051951A /* TestSSLPin */ = {
			isa = PBXNativeTarget;
			buildConfigurationList = 040B46CA2502D0F60051951A /* Build configuration list for PBXNativeTarget "TestSSLPin" */;
			buildPhases = (
				20B2669EE58304423643CDF5 /* [CP] Check Pods Manifest.lock */,
				040B46B22502D0F20051951A /* Sources */,
				040B46B32502D0F20051951A /* Frameworks */,
				040B46B42502D0F20051951A /* Resources */,
				7DD2EA3CC88D5CB2EEA29531 /* [CP] Embed Pods Frameworks */,
			);
			buildRules = (
			);
			dependencies = (
			);
			name = TestSSLPin;
			productName = TestSSLPin;
			productReference = 040B46B62502D0F20051951A /* TestSSLPin.app */;
			productType = "com.apple.product-type.application";
		};
/* End PBXNativeTarget section */

/* Begin PBXProject section */
		040B46AE2502D0F20051951A /* Project object */ = {
			isa = PBXProject;
			attributes = {
				LastSwiftUpdateCheck = 1170;
				LastUpgradeCheck = 1170;
				ORGANIZATIONNAME = Lammax;
				TargetAttributes = {
					040B46B52502D0F20051951A = {
						CreatedOnToolsVersion = 11.7;
					};
				};
			};
			buildConfigurationList = 040B46B12502D0F20051951A /* Build configuration list for PBXProject "TestSSLPin" */;
			compatibilityVersion = "Xcode 9.3";
			developmentRegion = en;
			hasScannedForEncodings = 0;
			knownRegions = (
				en,
				Base,
			);
			mainGroup = 040B46AD2502D0F20051951A;
			productRefGroup = 040B46B72502D0F20051951A /* Products */;
			projectDirPath = "";
			projectRoot = "";
			targets = (
				040B46B52502D0F20051951A /* TestSSLPin */,
			);
		};
/* End PBXProject section */

/* Begin PBXResourcesBuildPhase section */
		040B46B42502D0F20051951A /* Resources */ = {
			isa = PBXResourcesBuildPhase;
			buildActionMask = 2147483647;
			files = (
				040B46C62502D0F60051951A /* LaunchScreen.storyboard in Resources */,
				040B46C32502D0F60051951A /* Preview Assets.xcassets in Resources */,
				040B46C02502D0F60051951A /* Assets.xcassets in Resources */,
			);
			runOnlyForDeploymentPostprocessing = 0;
		};
/* End PBXResourcesBuildPhase section */

/* Begin PBXShellScriptBuildPhase section */
		20B2669EE58304423643CDF5 /* [CP] Check Pods Manifest.lock */ = {
			isa = PBXShellScriptBuildPhase;
			buildActionMask = 2147483647;
			files = (
			);
			inputFileListPaths = (
			);
			inputPaths = (
				"${PODS_PODFILE_DIR_PATH}/Podfile.lock",
				"${PODS_ROOT}/Manifest.lock",
			);
			name = "[CP] Check Pods Manifest.lock";
			outputFileListPaths = (
			);
			outputPaths = (
				"$(DERIVED_FILE_DIR)/Pods-TestSSLPin-checkManifestLockResult.txt",
			);
			runOnlyForDeploymentPostprocessing = 0;
			shellPath = /bin/sh;
			shellScript = "diff \"${PODS_PODFILE_DIR_PATH}/Podfile.lock\" \"${PODS_ROOT}/Manifest.lock\" > /dev/null\nif [ $? != 0 ] ; then\n    # print error to STDERR\n    echo \"error: The sandbox is not in sync with the Podfile.lock. Run 'pod install' or update your CocoaPods installation.\" >&2\n    exit 1\nfi\n# This output is used by Xcode 'outputs' to avoid re-running this script phase.\necho \"SUCCESS\" > \"${SCRIPT_OUTPUT_FILE_0}\"\n";
			showEnvVarsInLog = 0;
		};
		7DD2EA3CC88D5CB2EEA29531 /* [CP] Embed Pods Frameworks */ = {
			isa = PBXShellScriptBuildPhase;
			buildActionMask = 2147483647;
			files = (
			);
			inputFileListPaths = (
				"${PODS_ROOT}/Target Support Files/Pods-TestSSLPin/Pods-TestSSLPin-frameworks-${CONFIGURATION}-input-files.xcfilelist",
			);
			name = "[CP] Embed Pods Frameworks";
			outputFileListPaths = (
				"${PODS_ROOT}/Target Support Files/Pods-TestSSLPin/Pods-TestSSLPin-frameworks-${CONFIGURATION}-output-files.xcfilelist",
			);
			runOnlyForDeploymentPostprocessing = 0;
			shellPath = /bin/sh;
			shellScript = "\"${PODS_ROOT}/Target Support Files/Pods-TestSSLPin/Pods-TestSSLPin-frameworks.sh\"\n";
			showEnvVarsInLog = 0;
		};
/* End PBXShellScriptBuildPhase section */

/* Begin PBXSourcesBuildPhase section */
		040B46B22502D0F20051951A /* Sources */ = {
			isa = PBXSourcesBuildPhase;
			buildActionMask = 2147483647;
			files = (
				040B46BA2502D0F20051951A /* AppDelegate.swift in Sources */,
				040B46D02502D31A0051951A /* NetManager.swift in Sources */,
				040B46BC2502D0F20051951A /* SceneDelegate.swift in Sources */,
				040B46BE2502D0F20051951A /* ContentView.swift in Sources */,
			);
			runOnlyForDeploymentPostprocessing = 0;
		};
/* End PBXSourcesBuildPhase section */

/* Begin PBXVariantGroup section */
		040B46C42502D0F60051951A /* LaunchScreen.storyboard */ = {
			isa = PBXVariantGroup;
			children = (
				040B46C52502D0F60051951A /* Base */,
			);
			name = LaunchScreen.storyboard;
			sourceTree = "<group>";
		};
/* End PBXVariantGroup section */

/* Begin XCBuildConfiguration section */
		040B46C82502D0F60051951A /* Debug */ = {
			isa = XCBuildConfiguration;
			buildSettings = {
				ALWAYS_SEARCH_USER_PATHS = NO;
				CLANG_ANALYZER_NONNULL = YES;
				CLANG_ANALYZER_NUMBER_OBJECT_CONVERSION = YES_AGGRESSIVE;
				CLANG_CXX_LANGUAGE_STANDARD = "gnu++14";
				CLANG_CXX_LIBRARY = "libc++";
				CLANG_ENABLE_MODULES = YES;
				CLANG_ENABLE_OBJC_ARC = YES;
				CLANG_ENABLE_OBJC_WEAK = YES;
				CLANG_WARN_BLOCK_CAPTURE_AUTORELEASING = YES;
				CLANG_WARN_BOOL_CONVERSION = YES;
				CLANG_WARN_COMMA = YES;
				CLANG_WARN_CONSTANT_CONVERSION = YES;
				CLANG_WARN_DEPRECATED_OBJC_IMPLEMENTATIONS = YES;
				CLANG_WARN_DIRECT_OBJC_ISA_USAGE = YES_ERROR;
				CLANG_WARN_DOCUMENTATION_COMMENTS = YES;
				CLANG_WARN_EMPTY_BODY = YES;
				CLANG_WARN_ENUM_CONVERSION = YES;
				CLANG_WARN_INFINITE_RECURSION = YES;
				CLANG_WARN_INT_CONVERSION = YES;
				CLANG_WARN_NON_LITERAL_NULL_CONVERSION = YES;
				CLANG_WARN_OBJC_IMPLICIT_RETAIN_SELF = YES;
				CLANG_WARN_OBJC_LITERAL_CONVERSION = YES;
				CLANG_WARN_OBJC_ROOT_CLASS = YES_ERROR;
				CLANG_WARN_RANGE_LOOP_ANALYSIS = YES;
				CLANG_WARN_STRICT_PROTOTYPES = YES;
				CLANG_WARN_SUSPICIOUS_MOVE = YES;
				CLANG_WARN_UNGUARDED_AVAILABILITY = YES_AGGRESSIVE;
				CLANG_WARN_UNREACHABLE_CODE = YES;
				CLANG_WARN__DUPLICATE_METHOD_MATCH = YES;
				COPY_PHASE_STRIP = NO;
				DEBUG_INFORMATION_FORMAT = dwarf;
				ENABLE_STRICT_OBJC_MSGSEND = YES;
				ENABLE_TESTABILITY = YES;
				GCC_C_LANGUAGE_STANDARD = gnu11;
				GCC_DYNAMIC_NO_PIC = NO;
				GCC_NO_COMMON_BLOCKS = YES;
				GCC_OPTIMIZATION_LEVEL = 0;
				GCC_PREPROCESSOR_DEFINITIONS = (
					"DEBUG=1",
					"$(inherited)",
				);
				GCC_WARN_64_TO_32_BIT_CONVERSION = YES;
				GCC_WARN_ABOUT_RETURN_TYPE = YES_ERROR;
				GCC_WARN_UNDECLARED_SELECTOR = YES;
				GCC_WARN_UNINITIALIZED_AUTOS = YES_AGGRESSIVE;
				GCC_WARN_UNUSED_FUNCTION = YES;
				GCC_WARN_UNUSED_VARIABLE = YES;
				IPHONEOS_DEPLOYMENT_TARGET = 13.7;
				MTL_ENABLE_DEBUG_INFO = INCLUDE_SOURCE;
				MTL_FAST_MATH = YES;
				ONLY_ACTIVE_ARCH = YES;
				SDKROOT = iphoneos;
				SWIFT_ACTIVE_COMPILATION_CONDITIONS = DEBUG;
				SWIFT_OPTIMIZATION_LEVEL = "-Onone";
			};
			name = Debug;
		};
		040B46C92502D0F60051951A /* Release */ = {
			isa = XCBuildConfiguration;
			buildSettings = {
				ALWAYS_SEARCH_USER_PATHS = NO;
				CLANG_ANALYZER_NONNULL = YES;
				CLANG_ANALYZER_NUMBER_OBJECT_CONVERSION = YES_AGGRESSIVE;
				CLANG_CXX_LANGUAGE_STANDARD = "gnu++14";
				CLANG_CXX_LIBRARY = "libc++";
				CLANG_ENABLE_MODULES = YES;
				CLANG_ENABLE_OBJC_ARC = YES;
				CLANG_ENABLE_OBJC_WEAK = YES;
				CLANG_WARN_BLOCK_CAPTURE_AUTORELEASING = YES;
				CLANG_WARN_BOOL_CONVERSION = YES;
				CLANG_WARN_COMMA = YES;
				CLANG_WARN_CONSTANT_CONVERSION = YES;
				CLANG_WARN_DEPRECATED_OBJC_IMPLEMENTATIONS = YES;
				CLANG_WARN_DIRECT_OBJC_ISA_USAGE = YES_ERROR;
				CLANG_WARN_DOCUMENTATION_COMMENTS = YES;
				CLANG_WARN_EMPTY_BODY = YES;
				CLANG_WARN_ENUM_CONVERSION = YES;
				CLANG_WARN_INFINITE_RECURSION = YES;
				CLANG_WARN_INT_CONVERSION = YES;
				CLANG_WARN_NON_LITERAL_NULL_CONVERSION = YES;
				CLANG_WARN_OBJC_IMPLICIT_RETAIN_SELF = YES;
				CLANG_WARN_OBJC_LITERAL_CONVERSION = YES;
				CLANG_WARN_OBJC_ROOT_CLASS = YES_ERROR;
				CLANG_WARN_RANGE_LOOP_ANALYSIS = YES;
				CLANG_WARN_STRICT_PROTOTYPES = YES;
				CLANG_WARN_SUSPICIOUS_MOVE = YES;
				CLANG_WARN_UNGUARDED_AVAILABILITY = YES_AGGRESSIVE;
				CLANG_WARN_UNREACHABLE_CODE = YES;
				CLANG_WARN__DUPLICATE_METHOD_MATCH = YES;
				COPY_PHASE_STRIP = NO;
				DEBUG_INFORMATION_FORMAT = "dwarf-with-dsym";
				ENABLE_NS_ASSERTIONS = NO;
				ENABLE_STRICT_OBJC_MSGSEND = YES;
				GCC_C_LANGUAGE_STANDARD = gnu11;
				GCC_NO_COMMON_BLOCKS = YES;
				GCC_WARN_64_TO_32_BIT_CONVERSION = YES;
				GCC_WARN_ABOUT_RETURN_TYPE = YES_ERROR;
				GCC_WARN_UNDECLARED_SELECTOR = YES;
				GCC_WARN_UNINITIALIZED_AUTOS = YES_AGGRESSIVE;
				GCC_WARN_UNUSED_FUNCTION = YES;
				GCC_WARN_UNUSED_VARIABLE = YES;
				IPHONEOS_DEPLOYMENT_TARGET = 13.7;
				MTL_ENABLE_DEBUG_INFO = NO;
				MTL_FAST_MATH = YES;
				SDKROOT = iphoneos;
				SWIFT_COMPILATION_MODE = wholemodule;
				SWIFT_OPTIMIZATION_LEVEL = "-O";
				VALIDATE_PRODUCT = YES;
			};
			name = Release;
		};
		040B46CB2502D0F60051951A /* Debug */ = {
			isa = XCBuildConfiguration;
			baseConfigurationReference = 632C03B4A075A98EA6516DF5 /* Pods-TestSSLPin.debug.xcconfig */;
			buildSettings = {
				ASSETCATALOG_COMPILER_APPICON_NAME = AppIcon;
				CODE_SIGN_STYLE = Automatic;
				DEVELOPMENT_ASSET_PATHS = "\"TestSSLPin/Preview Content\"";
				DEVELOPMENT_TEAM = Z8JVJD6M2F;
				ENABLE_PREVIEWS = YES;
				INFOPLIST_FILE = TestSSLPin/Info.plist;
				IPHONEOS_DEPLOYMENT_TARGET = 13.5;
				LD_RUNPATH_SEARCH_PATHS = (
					"$(inherited)",
					"@executable_path/Frameworks",
				);
				PRODUCT_BUNDLE_IDENTIFIER = com.lammax.ios.study.TestSSLPin;
				PRODUCT_NAME = "$(TARGET_NAME)";
				SWIFT_VERSION = 5.0;
				TARGETED_DEVICE_FAMILY = "1,2";
			};
			name = Debug;
		};
		040B46CC2502D0F60051951A /* Release */ = {
			isa = XCBuildConfiguration;
			baseConfigurationReference = 23809C19D5F1EED3EED3E05B /* Pods-TestSSLPin.release.xcconfig */;
			buildSettings = {
				ASSETCATALOG_COMPILER_APPICON_NAME = AppIcon;
				CODE_SIGN_STYLE = Automatic;
				DEVELOPMENT_ASSET_PATHS = "\"TestSSLPin/Preview Content\"";
				DEVELOPMENT_TEAM = Z8JVJD6M2F;
				ENABLE_PREVIEWS = YES;
				INFOPLIST_FILE = TestSSLPin/Info.plist;
				IPHONEOS_DEPLOYMENT_TARGET = 13.5;
				LD_RUNPATH_SEARCH_PATHS = (
					"$(inherited)",
					"@executable_path/Frameworks",
				);
				PRODUCT_BUNDLE_IDENTIFIER = com.lammax.ios.study.TestSSLPin;
				PRODUCT_NAME = "$(TARGET_NAME)";
				SWIFT_VERSION = 5.0;
				TARGETED_DEVICE_FAMILY = "1,2";
			};
			name = Release;
		};
/* End XCBuildConfiguration section */

/* Begin XCConfigurationList section */
		040B46B12502D0F20051951A /* Build configuration list for PBXProject "TestSSLPin" */ = {
			isa = XCConfigurationList;
			buildConfigurations = (
				040B46C82502D0F60051951A /* Debug */,
				040B46C92502D0F60051951A /* Release */,
			);
			defaultConfigurationIsVisible = 0;
			defaultConfigurationName = Release;
		};
		040B46CA2502D0F60051951A /* Build configuration list for PBXNativeTarget "TestSSLPin" */ = {
			isa = XCConfigurationList;
			buildConfigurations = (
				040B46CB2502D0F60051951A /* Debug */,
				040B46CC2502D0F60051951A /* Release */,
			);
			defaultConfigurationIsVisible = 0;
			defaultConfigurationName = Release;
		};
/* End XCConfigurationList section */
	};
	rootObject = 040B46AE2502D0F20051951A /* Project object */;
}
